// !$*UTF8*$!
{
	archiveVersion = 1;
	classes = {
	};
	objectVersion = 50;
	objects = {

/* Begin PBXBuildFile section */
		C1714432217BDF680075D1EF /* WordTableViewController.swift in Sources */ = {isa = PBXBuildFile; fileRef = C1714431217BDF680075D1EF /* WordTableViewController.swift */; };
		C1714434217BDF780075D1EF /* WordTableViewCell.swift in Sources */ = {isa = PBXBuildFile; fileRef = C1714433217BDF780075D1EF /* WordTableViewCell.swift */; };
		C171443A217BE8860075D1EF /* Word.swift in Sources */ = {isa = PBXBuildFile; fileRef = C1714439217BE8860075D1EF /* Word.swift */; };
		C171443C217BFE570075D1EF /* WordDetailViewController.swift in Sources */ = {isa = PBXBuildFile; fileRef = C171443B217BFE570075D1EF /* WordDetailViewController.swift */; };
		C171443E217C32AB0075D1EF /* Assets.xcassets in Resources */ = {isa = PBXBuildFile; fileRef = C171443D217C32AB0075D1EF /* Assets.xcassets */; };
		C1E0B9EB217292C00049822B /* AppDelegate.swift in Sources */ = {isa = PBXBuildFile; fileRef = C1E0B9EA217292C00049822B /* AppDelegate.swift */; };
		C1E0B9ED217292C00049822B /* ViewController.swift in Sources */ = {isa = PBXBuildFile; fileRef = C1E0B9EC217292C00049822B /* ViewController.swift */; };
		C1E0B9F0217292C00049822B /* Main.storyboard in Resources */ = {isa = PBXBuildFile; fileRef = C1E0B9EE217292C00049822B /* Main.storyboard */; };
		C1E0B9F5217292C10049822B /* LaunchScreen.storyboard in Resources */ = {isa = PBXBuildFile; fileRef = C1E0B9F3217292C10049822B /* LaunchScreen.storyboard */; };
		C1E0BA00217292C10049822B /* toyTests.swift in Sources */ = {isa = PBXBuildFile; fileRef = C1E0B9FF217292C10049822B /* toyTests.swift */; };
		C1E0BA0B217292C10049822B /* toyUITests.swift in Sources */ = {isa = PBXBuildFile; fileRef = C1E0BA0A217292C10049822B /* toyUITests.swift */; };
/* End PBXBuildFile section */

/* Begin PBXContainerItemProxy section */
		C1E0B9FC217292C10049822B /* PBXContainerItemProxy */ = {
			isa = PBXContainerItemProxy;
			containerPortal = C1E0B9DF217292C00049822B /* Project object */;
			proxyType = 1;
			remoteGlobalIDString = C1E0B9E6217292C00049822B;
			remoteInfo = toy;
		};
		C1E0BA07217292C10049822B /* PBXContainerItemProxy */ = {
			isa = PBXContainerItemProxy;
			containerPortal = C1E0B9DF217292C00049822B /* Project object */;
			proxyType = 1;
			remoteGlobalIDString = C1E0B9E6217292C00049822B;
			remoteInfo = toy;
		};
/* End PBXContainerItemProxy section */

/* Begin PBXFileReference section */
		C1714431217BDF680075D1EF /* WordTableViewController.swift */ = {isa = PBXFileReference; lastKnownFileType = sourcecode.swift; path = WordTableViewController.swift; sourceTree = "<group>"; };
		C1714433217BDF780075D1EF /* WordTableViewCell.swift */ = {isa = PBXFileReference; lastKnownFileType = sourcecode.swift; path = WordTableViewCell.swift; sourceTree = "<group>"; };
		C1714439217BE8860075D1EF /* Word.swift */ = {isa = PBXFileReference; lastKnownFileType = sourcecode.swift; path = Word.swift; sourceTree = "<group>"; };
		C171443B217BFE570075D1EF /* WordDetailViewController.swift */ = {isa = PBXFileReference; lastKnownFileType = sourcecode.swift; path = WordDetailViewController.swift; sourceTree = "<group>"; };
		C171443D217C32AB0075D1EF /* Assets.xcassets */ = {isa = PBXFileReference; lastKnownFileType = folder.assetcatalog; name = Assets.xcassets; path = ../Assets.xcassets; sourceTree = "<group>"; };
		C1E0B9E7217292C00049822B /* toy.app */ = {isa = PBXFileReference; explicitFileType = wrapper.application; includeInIndex = 0; path = toy.app; sourceTree = BUILT_PRODUCTS_DIR; };
		C1E0B9EA217292C00049822B /* AppDelegate.swift */ = {isa = PBXFileReference; lastKnownFileType = sourcecode.swift; path = AppDelegate.swift; sourceTree = "<group>"; };
		C1E0B9EC217292C00049822B /* ViewController.swift */ = {isa = PBXFileReference; lastKnownFileType = sourcecode.swift; path = ViewController.swift; sourceTree = "<group>"; };
		C1E0B9EF217292C00049822B /* Base */ = {isa = PBXFileReference; lastKnownFileType = file.storyboard; name = Base; path = Base.lproj/Main.storyboard; sourceTree = "<group>"; };
		C1E0B9F4217292C10049822B /* Base */ = {isa = PBXFileReference; lastKnownFileType = file.storyboard; name = Base; path = Base.lproj/LaunchScreen.storyboard; sourceTree = "<group>"; };
		C1E0B9F6217292C10049822B /* Info.plist */ = {isa = PBXFileReference; lastKnownFileType = text.plist.xml; path = Info.plist; sourceTree = "<group>"; };
		C1E0B9FB217292C10049822B /* toyTests.xctest */ = {isa = PBXFileReference; explicitFileType = wrapper.cfbundle; includeInIndex = 0; path = toyTests.xctest; sourceTree = BUILT_PRODUCTS_DIR; };
		C1E0B9FF217292C10049822B /* toyTests.swift */ = {isa = PBXFileReference; lastKnownFileType = sourcecode.swift; path = toyTests.swift; sourceTree = "<group>"; };
		C1E0BA01217292C10049822B /* Info.plist */ = {isa = PBXFileReference; lastKnownFileType = text.plist.xml; path = Info.plist; sourceTree = "<group>"; };
		C1E0BA06217292C10049822B /* toyUITests.xctest */ = {isa = PBXFileReference; explicitFileType = wrapper.cfbundle; includeInIndex = 0; path = toyUITests.xctest; sourceTree = BUILT_PRODUCTS_DIR; };
		C1E0BA0A217292C10049822B /* toyUITests.swift */ = {isa = PBXFileReference; lastKnownFileType = sourcecode.swift; path = toyUITests.swift; sourceTree = "<group>"; };
		C1E0BA0C217292C10049822B /* Info.plist */ = {isa = PBXFileReference; lastKnownFileType = text.plist.xml; path = Info.plist; sourceTree = "<group>"; };
/* End PBXFileReference section */

/* Begin PBXFrameworksBuildPhase section */
		C1E0B9E4217292C00049822B /* Frameworks */ = {
			isa = PBXFrameworksBuildPhase;
			buildActionMask = 2147483647;
			files = (
			);
			runOnlyForDeploymentPostprocessing = 0;
		};
		C1E0B9F8217292C10049822B /* Frameworks */ = {
			isa = PBXFrameworksBuildPhase;
			buildActionMask = 2147483647;
			files = (
			);
			runOnlyForDeploymentPostprocessing = 0;
		};
		C1E0BA03217292C10049822B /* Frameworks */ = {
			isa = PBXFrameworksBuildPhase;
			buildActionMask = 2147483647;
			files = (
			);
			runOnlyForDeploymentPostprocessing = 0;
		};
/* End PBXFrameworksBuildPhase section */

/* Begin PBXGroup section */
		C1714435217BE5770075D1EF /* Models */ = {
			isa = PBXGroup;
			children = (
				C1714439217BE8860075D1EF /* Word.swift */,
			);
			path = Models;
			sourceTree = "<group>";
		};
		C1E0B9DE217292C00049822B = {
			isa = PBXGroup;
			children = (
				C1E0B9E9217292C00049822B /* toy */,
				C1E0B9FE217292C10049822B /* toyTests */,
				C1E0BA09217292C10049822B /* toyUITests */,
				C1E0B9E8217292C00049822B /* Products */,
			);
			sourceTree = "<group>";
		};
		C1E0B9E8217292C00049822B /* Products */ = {
			isa = PBXGroup;
			children = (
				C1E0B9E7217292C00049822B /* toy.app */,
				C1E0B9FB217292C10049822B /* toyTests.xctest */,
				C1E0BA06217292C10049822B /* toyUITests.xctest */,
			);
			name = Products;
			sourceTree = "<group>";
		};
		C1E0B9E9217292C00049822B /* toy */ = {
			isa = PBXGroup;
			children = (
				C1E0B9EA217292C00049822B /* AppDelegate.swift */,
				C1E0B9EC217292C00049822B /* ViewController.swift */,
				C1714431217BDF680075D1EF /* WordTableViewController.swift */,
				C171443B217BFE570075D1EF /* WordDetailViewController.swift */,
				C1714433217BDF780075D1EF /* WordTableViewCell.swift */,
				C1714435217BE5770075D1EF /* Models */,
				C1E0B9EE217292C00049822B /* Main.storyboard */,
				C1E0B9F3217292C10049822B /* LaunchScreen.storyboard */,
				C1E0B9F6217292C10049822B /* Info.plist */,
				C171443D217C32AB0075D1EF /* Assets.xcassets */,
			);
			path = toy;
			sourceTree = "<group>";
		};
		C1E0B9FE217292C10049822B /* toyTests */ = {
			isa = PBXGroup;
			children = (
				C1E0B9FF217292C10049822B /* toyTests.swift */,
				C1E0BA01217292C10049822B /* Info.plist */,
			);
			path = toyTests;
			sourceTree = "<group>";
		};
		C1E0BA09217292C10049822B /* toyUITests */ = {
			isa = PBXGroup;
			children = (
				C1E0BA0A217292C10049822B /* toyUITests.swift */,
				C1E0BA0C217292C10049822B /* Info.plist */,
			);
			path = toyUITests;
			sourceTree = "<group>";
		};
/* End PBXGroup section */

/* Begin PBXNativeTarget section */
		C1E0B9E6217292C00049822B /* toy */ = {
			isa = PBXNativeTarget;
			buildConfigurationList = C1E0BA0F217292C10049822B /* Build configuration list for PBXNativeTarget "toy" */;
			buildPhases = (
				C1E0B9E3217292C00049822B /* Sources */,
				C1E0B9E4217292C00049822B /* Frameworks */,
				C1E0B9E5217292C00049822B /* Resources */,
			);
			buildRules = (
			);
			dependencies = (
			);
			name = toy;
			productName = toy;
			productReference = C1E0B9E7217292C00049822B /* toy.app */;
			productType = "com.apple.product-type.application";
		};
		C1E0B9FA217292C10049822B /* toyTests */ = {
			isa = PBXNativeTarget;
			buildConfigurationList = C1E0BA12217292C10049822B /* Build configuration list for PBXNativeTarget "toyTests" */;
			buildPhases = (
				C1E0B9F7217292C10049822B /* Sources */,
				C1E0B9F8217292C10049822B /* Frameworks */,
				C1E0B9F9217292C10049822B /* Resources */,
			);
			buildRules = (
			);
			dependencies = (
				C1E0B9FD217292C10049822B /* PBXTargetDependency */,
			);
			name = toyTests;
			productName = toyTests;
			productReference = C1E0B9FB217292C10049822B /* toyTests.xctest */;
			productType = "com.apple.product-type.bundle.unit-test";
		};
		C1E0BA05217292C10049822B /* toyUITests */ = {
			isa = PBXNativeTarget;
			buildConfigurationList = C1E0BA15217292C10049822B /* Build configuration list for PBXNativeTarget "toyUITests" */;
			buildPhases = (
				C1E0BA02217292C10049822B /* Sources */,
				C1E0BA03217292C10049822B /* Frameworks */,
				C1E0BA04217292C10049822B /* Resources */,
			);
			buildRules = (
			);
			dependencies = (
				C1E0BA08217292C10049822B /* PBXTargetDependency */,
			);
			name = toyUITests;
			productName = toyUITests;
			productReference = C1E0BA06217292C10049822B /* toyUITests.xctest */;
			productType = "com.apple.product-type.bundle.ui-testing";
		};
/* End PBXNativeTarget section */

/* Begin PBXProject section */
		C1E0B9DF217292C00049822B /* Project object */ = {
			isa = PBXProject;
			attributes = {
				LastSwiftUpdateCheck = 1000;
				LastUpgradeCheck = 1000;
				ORGANIZATIONNAME = "Cherie Li";
				TargetAttributes = {
					C1E0B9E6217292C00049822B = {
						CreatedOnToolsVersion = 10.0;
					};
					C1E0B9FA217292C10049822B = {
						CreatedOnToolsVersion = 10.0;
						TestTargetID = C1E0B9E6217292C00049822B;
					};
					C1E0BA05217292C10049822B = {
						CreatedOnToolsVersion = 10.0;
						TestTargetID = C1E0B9E6217292C00049822B;
					};
				};
			};
			buildConfigurationList = C1E0B9E2217292C00049822B /* Build configuration list for PBXProject "toy" */;
			compatibilityVersion = "Xcode 9.3";
			developmentRegion = en;
			hasScannedForEncodings = 0;
			knownRegions = (
				en,
				Base,
			);
			mainGroup = C1E0B9DE217292C00049822B;
			productRefGroup = C1E0B9E8217292C00049822B /* Products */;
			projectDirPath = "";
			projectRoot = "";
			targets = (
				C1E0B9E6217292C00049822B /* toy */,
				C1E0B9FA217292C10049822B /* toyTests */,
				C1E0BA05217292C10049822B /* toyUITests */,
			);
		};
/* End PBXProject section */

/* Begin PBXResourcesBuildPhase section */
		C1E0B9E5217292C00049822B /* Resources */ = {
			isa = PBXResourcesBuildPhase;
			buildActionMask = 2147483647;
			files = (
				C1E0B9F5217292C10049822B /* LaunchScreen.storyboard in Resources */,
				C171443E217C32AB0075D1EF /* Assets.xcassets in Resources */,
				C1E0B9F0217292C00049822B /* Main.storyboard in Resources */,
			);
			runOnlyForDeploymentPostprocessing = 0;
		};
		C1E0B9F9217292C10049822B /* Resources */ = {
			isa = PBXResourcesBuildPhase;
			buildActionMask = 2147483647;
			files = (
			);
			runOnlyForDeploymentPostprocessing = 0;
		};
		C1E0BA04217292C10049822B /* Resources */ = {
			isa = PBXResourcesBuildPhase;
			buildActionMask = 2147483647;
			files = (
			);
			runOnlyForDeploymentPostprocessing = 0;
		};
/* End PBXResourcesBuildPhase section */

/* Begin PBXSourcesBuildPhase section */
		C1E0B9E3217292C00049822B /* Sources */ = {
			isa = PBXSourcesBuildPhase;
			buildActionMask = 2147483647;
			files = (
				C1E0B9ED217292C00049822B /* ViewController.swift in Sources */,
				C1E0B9EB217292C00049822B /* AppDelegate.swift in Sources */,
				C171443A217BE8860075D1EF /* Word.swift in Sources */,
				C1714432217BDF680075D1EF /* WordTableViewController.swift in Sources */,
				C1714434217BDF780075D1EF /* WordTableViewCell.swift in Sources */,
				C171443C217BFE570075D1EF /* WordDetailViewController.swift in Sources */,
			);
			runOnlyForDeploymentPostprocessing = 0;
		};
		C1E0B9F7217292C10049822B /* Sources */ = {
			isa = PBXSourcesBuildPhase;
			buildActionMask = 2147483647;
			files = (
				C1E0BA00217292C10049822B /* toyTests.swift in Sources */,
			);
			runOnlyForDeploymentPostprocessing = 0;
		};
		C1E0BA02217292C10049822B /* Sources */ = {
			isa = PBXSourcesBuildPhase;
			buildActionMask = 2147483647;
			files = (
				C1E0BA0B217292C10049822B /* toyUITests.swift in Sources */,
			);
			runOnlyForDeploymentPostprocessing = 0;
		};
/* End PBXSourcesBuildPhase section */

/* Begin PBXTargetDependency section */
		C1E0B9FD217292C10049822B /* PBXTargetDependency */ = {
			isa = PBXTargetDependency;
			target = C1E0B9E6217292C00049822B /* toy */;
			targetProxy = C1E0B9FC217292C10049822B /* PBXContainerItemProxy */;
		};
		C1E0BA08217292C10049822B /* PBXTargetDependency */ = {
			isa = PBXTargetDependency;
			target = C1E0B9E6217292C00049822B /* toy */;
			targetProxy = C1E0BA07217292C10049822B /* PBXContainerItemProxy */;
		};
/* End PBXTargetDependency section */

/* Begin PBXVariantGroup section */
		C1E0B9EE217292C00049822B /* Main.storyboard */ = {
			isa = PBXVariantGroup;
			children = (
				C1E0B9EF217292C00049822B /* Base */,
			);
			name = Main.storyboard;
			sourceTree = "<group>";
		};
		C1E0B9F3217292C10049822B /* LaunchScreen.storyboard */ = {
			isa = PBXVariantGroup;
			children = (
				C1E0B9F4217292C10049822B /* Base */,
			);
			name = LaunchScreen.storyboard;
			sourceTree = "<group>";
		};
/* End PBXVariantGroup section */

/* Begin XCBuildConfiguration section */
		C1E0BA0D217292C10049822B /* Debug */ = {
			isa = XCBuildConfiguration;
			buildSettings = {
				ALWAYS_SEARCH_USER_PATHS = NO;
				CLANG_ANALYZER_NONNULL = YES;
				CLANG_ANALYZER_NUMBER_OBJECT_CONVERSION = YES_AGGRESSIVE;
				CLANG_CXX_LANGUAGE_STANDARD = "gnu++14";
				CLANG_CXX_LIBRARY = "libc++";
				CLANG_ENABLE_MODULES = YES;
				CLANG_ENABLE_OBJC_ARC = YES;
				CLANG_ENABLE_OBJC_WEAK = YES;
				CLANG_WARN_BLOCK_CAPTURE_AUTORELEASING = YES;
				CLANG_WARN_BOOL_CONVERSION = YES;
				CLANG_WARN_COMMA = YES;
				CLANG_WARN_CONSTANT_CONVERSION = YES;
				CLANG_WARN_DEPRECATED_OBJC_IMPLEMENTATIONS = YES;
				CLANG_WARN_DIRECT_OBJC_ISA_USAGE = YES_ERROR;
				CLANG_WARN_DOCUMENTATION_COMMENTS = YES;
				CLANG_WARN_EMPTY_BODY = YES;
				CLANG_WARN_ENUM_CONVERSION = YES;
				CLANG_WARN_INFINITE_RECURSION = YES;
				CLANG_WARN_INT_CONVERSION = YES;
				CLANG_WARN_NON_LITERAL_NULL_CONVERSION = YES;
				CLANG_WARN_OBJC_IMPLICIT_RETAIN_SELF = YES;
				CLANG_WARN_OBJC_LITERAL_CONVERSION = YES;
				CLANG_WARN_OBJC_ROOT_CLASS = YES_ERROR;
				CLANG_WARN_RANGE_LOOP_ANALYSIS = YES;
				CLANG_WARN_STRICT_PROTOTYPES = YES;
				CLANG_WARN_SUSPICIOUS_MOVE = YES;
				CLANG_WARN_UNGUARDED_AVAILABILITY = YES_AGGRESSIVE;
				CLANG_WARN_UNREACHABLE_CODE = YES;
				CLANG_WARN__DUPLICATE_METHOD_MATCH = YES;
				CODE_SIGN_IDENTITY = "iPhone Developer";
				COPY_PHASE_STRIP = NO;
				DEBUG_INFORMATION_FORMAT = dwarf;
				ENABLE_STRICT_OBJC_MSGSEND = YES;
				ENABLE_TESTABILITY = YES;
				GCC_C_LANGUAGE_STANDARD = gnu11;
				GCC_DYNAMIC_NO_PIC = NO;
				GCC_NO_COMMON_BLOCKS = YES;
				GCC_OPTIMIZATION_LEVEL = 0;
				GCC_PREPROCESSOR_DEFINITIONS = (
					"DEBUG=1",
					"$(inherited)",
				);
				GCC_WARN_64_TO_32_BIT_CONVERSION = YES;
				GCC_WARN_ABOUT_RETURN_TYPE = YES_ERROR;
				GCC_WARN_UNDECLARED_SELECTOR = YES;
				GCC_WARN_UNINITIALIZED_AUTOS = YES_AGGRESSIVE;
				GCC_WARN_UNUSED_FUNCTION = YES;
				GCC_WARN_UNUSED_VARIABLE = YES;
				IPHONEOS_DEPLOYMENT_TARGET = 12.0;
				MTL_ENABLE_DEBUG_INFO = INCLUDE_SOURCE;
				MTL_FAST_MATH = YES;
				ONLY_ACTIVE_ARCH = YES;
				SDKROOT = iphoneos;
				SWIFT_ACTIVE_COMPILATION_CONDITIONS = DEBUG;
				SWIFT_OPTIMIZATION_LEVEL = "-Onone";
			};
			name = Debug;
		};
		C1E0BA0E217292C10049822B /* Release */ = {
			isa = XCBuildConfiguration;
			buildSettings = {
				ALWAYS_SEARCH_USER_PATHS = NO;
				CLANG_ANALYZER_NONNULL = YES;
				CLANG_ANALYZER_NUMBER_OBJECT_CONVERSION = YES_AGGRESSIVE;
				CLANG_CXX_LANGUAGE_STANDARD = "gnu++14";
				CLANG_CXX_LIBRARY = "libc++";
				CLANG_ENABLE_MODULES = YES;
				CLANG_ENABLE_OBJC_ARC = YES;
				CLANG_ENABLE_OBJC_WEAK = YES;
				CLANG_WARN_BLOCK_CAPTURE_AUTORELEASING = YES;
				CLANG_WARN_BOOL_CONVERSION = YES;
				CLANG_WARN_COMMA = YES;
				CLANG_WARN_CONSTANT_CONVERSION = YES;
				CLANG_WARN_DEPRECATED_OBJC_IMPLEMENTATIONS = YES;
				CLANG_WARN_DIRECT_OBJC_ISA_USAGE = YES_ERROR;
				CLANG_WARN_DOCUMENTATION_COMMENTS = YES;
				CLANG_WARN_EMPTY_BODY = YES;
				CLANG_WARN_ENUM_CONVERSION = YES;
				CLANG_WARN_INFINITE_RECURSION = YES;
				CLANG_WARN_INT_CONVERSION = YES;
				CLANG_WARN_NON_LITERAL_NULL_CONVERSION = YES;
				CLANG_WARN_OBJC_IMPLICIT_RETAIN_SELF = YES;
				CLANG_WARN_OBJC_LITERAL_CONVERSION = YES;
				CLANG_WARN_OBJC_ROOT_CLASS = YES_ERROR;
				CLANG_WARN_RANGE_LOOP_ANALYSIS = YES;
				CLANG_WARN_STRICT_PROTOTYPES = YES;
				CLANG_WARN_SUSPICIOUS_MOVE = YES;
				CLANG_WARN_UNGUARDED_AVAILABILITY = YES_AGGRESSIVE;
				CLANG_WARN_UNREACHABLE_CODE = YES;
				CLANG_WARN__DUPLICATE_METHOD_MATCH = YES;
				CODE_SIGN_IDENTITY = "iPhone Developer";
				COPY_PHASE_STRIP = NO;
				DEBUG_INFORMATION_FORMAT = "dwarf-with-dsym";
				ENABLE_NS_ASSERTIONS = NO;
				ENABLE_STRICT_OBJC_MSGSEND = YES;
				GCC_C_LANGUAGE_STANDARD = gnu11;
				GCC_NO_COMMON_BLOCKS = YES;
				GCC_WARN_64_TO_32_BIT_CONVERSION = YES;
				GCC_WARN_ABOUT_RETURN_TYPE = YES_ERROR;
				GCC_WARN_UNDECLARED_SELECTOR = YES;
				GCC_WARN_UNINITIALIZED_AUTOS = YES_AGGRESSIVE;
				GCC_WARN_UNUSED_FUNCTION = YES;
				GCC_WARN_UNUSED_VARIABLE = YES;
				IPHONEOS_DEPLOYMENT_TARGET = 12.0;
				MTL_ENABLE_DEBUG_INFO = NO;
				MTL_FAST_MATH = YES;
				SDKROOT = iphoneos;
				SWIFT_COMPILATION_MODE = wholemodule;
				SWIFT_OPTIMIZATION_LEVEL = "-O";
				VALIDATE_PRODUCT = YES;
			};
			name = Release;
		};
		C1E0BA10217292C10049822B /* Debug */ = {
			isa = XCBuildConfiguration;
			buildSettings = {
				ASSETCATALOG_COMPILER_APPICON_NAME = AppIcon;
				CODE_SIGN_STYLE = Automatic;
				INFOPLIST_FILE = toy/Info.plist;
				LD_RUNPATH_SEARCH_PATHS = (
					"$(inherited)",
					"@executable_path/Frameworks",
				);
				PRODUCT_BUNDLE_IDENTIFIER = appdev.toy;
				PRODUCT_NAME = "$(TARGET_NAME)";
				SWIFT_VERSION = 4.2;
				TARGETED_DEVICE_FAMILY = "1,2";
			};
			name = Debug;
		};
		C1E0BA11217292C10049822B /* Release */ = {
			isa = XCBuildConfiguration;
			buildSettings = {
				ASSETCATALOG_COMPILER_APPICON_NAME = AppIcon;
				CODE_SIGN_STYLE = Automatic;
				INFOPLIST_FILE = toy/Info.plist;
				LD_RUNPATH_SEARCH_PATHS = (
					"$(inherited)",
					"@executable_path/Frameworks",
				);
				PRODUCT_BUNDLE_IDENTIFIER = appdev.toy;
				PRODUCT_NAME = "$(TARGET_NAME)";
				SWIFT_VERSION = 4.2;
				TARGETED_DEVICE_FAMILY = "1,2";
			};
			name = Release;
		};
		C1E0BA13217292C10049822B /* Debug */ = {
			isa = XCBuildConfiguration;
			buildSettings = {
				ALWAYS_EMBED_SWIFT_STANDARD_LIBRARIES = YES;
				BUNDLE_LOADER = "$(TEST_HOST)";
				CODE_SIGN_STYLE = Automatic;
				INFOPLIST_FILE = toyTests/Info.plist;
				LD_RUNPATH_SEARCH_PATHS = (
					"$(inherited)",
					"@executable_path/Frameworks",
					"@loader_path/Frameworks",
				);
				PRODUCT_BUNDLE_IDENTIFIER = appdev.toyTests;
				PRODUCT_NAME = "$(TARGET_NAME)";
				SWIFT_VERSION = 4.2;
				TARGETED_DEVICE_FAMILY = "1,2";
				TEST_HOST = "$(BUILT_PRODUCTS_DIR)/toy.app/toy";
			};
			name = Debug;
		};
		C1E0BA14217292C10049822B /* Release */ = {
			isa = XCBuildConfiguration;
			buildSettings = {
				ALWAYS_EMBED_SWIFT_STANDARD_LIBRARIES = YES;
				BUNDLE_LOADER = "$(TEST_HOST)";
				CODE_SIGN_STYLE = Automatic;
				INFOPLIST_FILE = toyTests/Info.plist;
				LD_RUNPATH_SEARCH_PATHS = (
					"$(inherited)",
					"@executable_path/Frameworks",
					"@loader_path/Frameworks",
				);
				PRODUCT_BUNDLE_IDENTIFIER = appdev.toyTests;
				PRODUCT_NAME = "$(TARGET_NAME)";
				SWIFT_VERSION = 4.2;
				TARGETED_DEVICE_FAMILY = "1,2";
				TEST_HOST = "$(BUILT_PRODUCTS_DIR)/toy.app/toy";
			};
			name = Release;
		};
		C1E0BA16217292C10049822B /* Debug */ = {
			isa = XCBuildConfiguration;
			buildSettings = {
				ALWAYS_EMBED_SWIFT_STANDARD_LIBRARIES = YES;
				CODE_SIGN_STYLE = Automatic;
				INFOPLIST_FILE = toyUITests/Info.plist;
				LD_RUNPATH_SEARCH_PATHS = (
					"$(inherited)",
					"@executable_path/Frameworks",
					"@loader_path/Frameworks",
				);
				PRODUCT_BUNDLE_IDENTIFIER = appdev.toyUITests;
				PRODUCT_NAME = "$(TARGET_NAME)";
				SWIFT_VERSION = 4.2;
				TARGETED_DEVICE_FAMILY = "1,2";
				TEST_TARGET_NAME = toy;
			};
			name = Debug;
		};
		C1E0BA17217292C10049822B /* Release */ = {
			isa = XCBuildConfiguration;
			buildSettings = {
				ALWAYS_EMBED_SWIFT_STANDARD_LIBRARIES = YES;
				CODE_SIGN_STYLE = Automatic;
				INFOPLIST_FILE = toyUITests/Info.plist;
				LD_RUNPATH_SEARCH_PATHS = (
					"$(inherited)",
					"@executable_path/Frameworks",
					"@loader_path/Frameworks",
				);
				PRODUCT_BUNDLE_IDENTIFIER = appdev.toyUITests;
				PRODUCT_NAME = "$(TARGET_NAME)";
				SWIFT_VERSION = 4.2;
				TARGETED_DEVICE_FAMILY = "1,2";
				TEST_TARGET_NAME = toy;
			};
			name = Release;
		};
/* End XCBuildConfiguration section */

/* Begin XCConfigurationList section */
		C1E0B9E2217292C00049822B /* Build configuration list for PBXProject "toy" */ = {
			isa = XCConfigurationList;
			buildConfigurations = (
				C1E0BA0D217292C10049822B /* Debug */,
				C1E0BA0E217292C10049822B /* Release */,
			);
			defaultConfigurationIsVisible = 0;
			defaultConfigurationName = Release;
		};
		C1E0BA0F217292C10049822B /* Build configuration list for PBXNativeTarget "toy" */ = {
			isa = XCConfigurationList;
			buildConfigurations = (
				C1E0BA10217292C10049822B /* Debug */,
				C1E0BA11217292C10049822B /* Release */,
			);
			defaultConfigurationIsVisible = 0;
			defaultConfigurationName = Release;
		};
		C1E0BA12217292C10049822B /* Build configuration list for PBXNativeTarget "toyTests" */ = {
			isa = XCConfigurationList;
			buildConfigurations = (
				C1E0BA13217292C10049822B /* Debug */,
				C1E0BA14217292C10049822B /* Release */,
			);
			defaultConfigurationIsVisible = 0;
			defaultConfigurationName = Release;
		};
		C1E0BA15217292C10049822B /* Build configuration list for PBXNativeTarget "toyUITests" */ = {
			isa = XCConfigurationList;
			buildConfigurations = (
				C1E0BA16217292C10049822B /* Debug */,
				C1E0BA17217292C10049822B /* Release */,
			);
			defaultConfigurationIsVisible = 0;
			defaultConfigurationName = Release;
		};
/* End XCConfigurationList section */
	};
	rootObject = C1E0B9DF217292C00049822B /* Project object */;
}
